// !$*UTF8*$!
{
	archiveVersion = 1;
	classes = {
	};
	objectVersion = 46;
	objects = {

/* Begin PBXBuildFile section */
		350963D88155075EAF36A968 /* Pods_YelpSamp.framework in Frameworks */ = {isa = PBXBuildFile; fileRef = CDA5F4CA39AEED2084362696 /* Pods_YelpSamp.framework */; };
		E80ABF561DCEF22B00DA7172 /* AppDelegate.swift in Sources */ = {isa = PBXBuildFile; fileRef = E80ABF551DCEF22B00DA7172 /* AppDelegate.swift */; };
		E80ABF5B1DCEF22B00DA7172 /* Main.storyboard in Resources */ = {isa = PBXBuildFile; fileRef = E80ABF591DCEF22B00DA7172 /* Main.storyboard */; };
		E80ABF5D1DCEF22B00DA7172 /* Assets.xcassets in Resources */ = {isa = PBXBuildFile; fileRef = E80ABF5C1DCEF22B00DA7172 /* Assets.xcassets */; };
		E80ABF601DCEF22B00DA7172 /* LaunchScreen.storyboard in Resources */ = {isa = PBXBuildFile; fileRef = E80ABF5E1DCEF22B00DA7172 /* LaunchScreen.storyboard */; };
		E80ABF681DCEF24100DA7172 /* MainVC.swift in Sources */ = {isa = PBXBuildFile; fileRef = E80ABF671DCEF24100DA7172 /* MainVC.swift */; };
		E80ABF6A1DCEF24E00DA7172 /* APIClient.swift in Sources */ = {isa = PBXBuildFile; fileRef = E80ABF691DCEF24E00DA7172 /* APIClient.swift */; };
		E80ABF6C1DCEF29100DA7172 /* YelpModel.swift in Sources */ = {isa = PBXBuildFile; fileRef = E80ABF6B1DCEF29100DA7172 /* YelpModel.swift */; };
		E80ABF6E1DCEF49800DA7172 /* Identifiers.swift in Sources */ = {isa = PBXBuildFile; fileRef = E80ABF6D1DCEF49800DA7172 /* Identifiers.swift */; };
		E8B1872A1DD046580048A2BC /* Util.swift in Sources */ = {isa = PBXBuildFile; fileRef = E8B187291DD046580048A2BC /* Util.swift */; };
		E8B1872C1DD07EDE0048A2BC /* BusinessModel.swift in Sources */ = {isa = PBXBuildFile; fileRef = E8B1872B1DD07EDE0048A2BC /* BusinessModel.swift */; };
		E8B1872E1DD081900048A2BC /* ReviewModel.swift in Sources */ = {isa = PBXBuildFile; fileRef = E8B1872D1DD081900048A2BC /* ReviewModel.swift */; };
		E8B187301DD085C00048A2BC /* ReviewCell.swift in Sources */ = {isa = PBXBuildFile; fileRef = E8B1872F1DD085C00048A2BC /* ReviewCell.swift */; };
		E8F71F681DD02B12002E7CE4 /* YelpCell.swift in Sources */ = {isa = PBXBuildFile; fileRef = E8F71F671DD02B12002E7CE4 /* YelpCell.swift */; };
		E8F71F6A1DD02C15002E7CE4 /* DetailView.swift in Sources */ = {isa = PBXBuildFile; fileRef = E8F71F691DD02C15002E7CE4 /* DetailView.swift */; };
/* End PBXBuildFile section */

/* Begin PBXFileReference section */
		57E4DABA2380CB9ECF0CB2DE /* Pods-YelpSamp.debug.xcconfig */ = {isa = PBXFileReference; includeInIndex = 1; lastKnownFileType = text.xcconfig; name = "Pods-YelpSamp.debug.xcconfig"; path = "Pods/Target Support Files/Pods-YelpSamp/Pods-YelpSamp.debug.xcconfig"; sourceTree = "<group>"; };
		5AC8E1C425B7DA90C01FFB1D /* Pods-YelpSamp.release.xcconfig */ = {isa = PBXFileReference; includeInIndex = 1; lastKnownFileType = text.xcconfig; name = "Pods-YelpSamp.release.xcconfig"; path = "Pods/Target Support Files/Pods-YelpSamp/Pods-YelpSamp.release.xcconfig"; sourceTree = "<group>"; };
		CDA5F4CA39AEED2084362696 /* Pods_YelpSamp.framework */ = {isa = PBXFileReference; explicitFileType = wrapper.framework; includeInIndex = 0; path = Pods_YelpSamp.framework; sourceTree = BUILT_PRODUCTS_DIR; };
		E80ABF521DCEF22B00DA7172 /* YelpSamp.app */ = {isa = PBXFileReference; explicitFileType = wrapper.application; includeInIndex = 0; path = YelpSamp.app; sourceTree = BUILT_PRODUCTS_DIR; };
		E80ABF551DCEF22B00DA7172 /* AppDelegate.swift */ = {isa = PBXFileReference; lastKnownFileType = sourcecode.swift; path = AppDelegate.swift; sourceTree = "<group>"; };
		E80ABF5A1DCEF22B00DA7172 /* Base */ = {isa = PBXFileReference; lastKnownFileType = file.storyboard; name = Base; path = Base.lproj/Main.storyboard; sourceTree = "<group>"; };
		E80ABF5C1DCEF22B00DA7172 /* Assets.xcassets */ = {isa = PBXFileReference; lastKnownFileType = folder.assetcatalog; path = Assets.xcassets; sourceTree = "<group>"; };
		E80ABF5F1DCEF22B00DA7172 /* Base */ = {isa = PBXFileReference; lastKnownFileType = file.storyboard; name = Base; path = Base.lproj/LaunchScreen.storyboard; sourceTree = "<group>"; };
		E80ABF611DCEF22B00DA7172 /* Info.plist */ = {isa = PBXFileReference; lastKnownFileType = text.plist.xml; path = Info.plist; sourceTree = "<group>"; };
		E80ABF671DCEF24100DA7172 /* MainVC.swift */ = {isa = PBXFileReference; fileEncoding = 4; lastKnownFileType = sourcecode.swift; path = MainVC.swift; sourceTree = "<group>"; };
		E80ABF691DCEF24E00DA7172 /* APIClient.swift */ = {isa = PBXFileReference; fileEncoding = 4; lastKnownFileType = sourcecode.swift; path = APIClient.swift; sourceTree = "<group>"; };
		E80ABF6B1DCEF29100DA7172 /* YelpModel.swift */ = {isa = PBXFileReference; fileEncoding = 4; lastKnownFileType = sourcecode.swift; path = YelpModel.swift; sourceTree = "<group>"; };
		E80ABF6D1DCEF49800DA7172 /* Identifiers.swift */ = {isa = PBXFileReference; fileEncoding = 4; lastKnownFileType = sourcecode.swift; path = Identifiers.swift; sourceTree = "<group>"; };
		E8B187291DD046580048A2BC /* Util.swift */ = {isa = PBXFileReference; fileEncoding = 4; lastKnownFileType = sourcecode.swift; path = Util.swift; sourceTree = "<group>"; };
		E8B1872B1DD07EDE0048A2BC /* BusinessModel.swift */ = {isa = PBXFileReference; fileEncoding = 4; lastKnownFileType = sourcecode.swift; path = BusinessModel.swift; sourceTree = "<group>"; };
		E8B1872D1DD081900048A2BC /* ReviewModel.swift */ = {isa = PBXFileReference; fileEncoding = 4; lastKnownFileType = sourcecode.swift; path = ReviewModel.swift; sourceTree = "<group>"; };
		E8B1872F1DD085C00048A2BC /* ReviewCell.swift */ = {isa = PBXFileReference; fileEncoding = 4; lastKnownFileType = sourcecode.swift; path = ReviewCell.swift; sourceTree = "<group>"; };
		E8F71F671DD02B12002E7CE4 /* YelpCell.swift */ = {isa = PBXFileReference; fileEncoding = 4; lastKnownFileType = sourcecode.swift; path = YelpCell.swift; sourceTree = "<group>"; };
		E8F71F691DD02C15002E7CE4 /* DetailView.swift */ = {isa = PBXFileReference; fileEncoding = 4; lastKnownFileType = sourcecode.swift; path = DetailView.swift; sourceTree = "<group>"; };
/* End PBXFileReference section */

/* Begin PBXFrameworksBuildPhase section */
		E80ABF4F1DCEF22B00DA7172 /* Frameworks */ = {
			isa = PBXFrameworksBuildPhase;
			buildActionMask = 2147483647;
			files = (
				350963D88155075EAF36A968 /* Pods_YelpSamp.framework in Frameworks */,
			);
			runOnlyForDeploymentPostprocessing = 0;
		};
/* End PBXFrameworksBuildPhase section */

/* Begin PBXGroup section */
		7E15E30B239C7310FEC30CA9 /* Frameworks */ = {
			isa = PBXGroup;
			children = (
				CDA5F4CA39AEED2084362696 /* Pods_YelpSamp.framework */,
			);
			name = Frameworks;
			sourceTree = "<group>";
		};
		B47D4970EB1BECCCE61DB550 /* Pods */ = {
			isa = PBXGroup;
			children = (
				57E4DABA2380CB9ECF0CB2DE /* Pods-YelpSamp.debug.xcconfig */,
				5AC8E1C425B7DA90C01FFB1D /* Pods-YelpSamp.release.xcconfig */,
			);
			name = Pods;
			sourceTree = "<group>";
		};
		E80ABF491DCEF22B00DA7172 = {
			isa = PBXGroup;
			children = (
				E80ABF541DCEF22B00DA7172 /* YelpSamp */,
				E80ABF531DCEF22B00DA7172 /* Products */,
				B47D4970EB1BECCCE61DB550 /* Pods */,
				7E15E30B239C7310FEC30CA9 /* Frameworks */,
			);
			sourceTree = "<group>";
		};
		E80ABF531DCEF22B00DA7172 /* Products */ = {
			isa = PBXGroup;
			children = (
				E80ABF521DCEF22B00DA7172 /* YelpSamp.app */,
			);
			name = Products;
			sourceTree = "<group>";
		};
		E80ABF541DCEF22B00DA7172 /* YelpSamp */ = {
			isa = PBXGroup;
			children = (
				E80ABF551DCEF22B00DA7172 /* AppDelegate.swift */,
				E80ABF671DCEF24100DA7172 /* MainVC.swift */,
				E8F71F691DD02C15002E7CE4 /* DetailView.swift */,
				E8F71F671DD02B12002E7CE4 /* YelpCell.swift */,
				E80ABF6B1DCEF29100DA7172 /* YelpModel.swift */,
				E8B1872F1DD085C00048A2BC /* ReviewCell.swift */,
				E8B1872B1DD07EDE0048A2BC /* BusinessModel.swift */,
				E8B1872D1DD081900048A2BC /* ReviewModel.swift */,
				E8B187291DD046580048A2BC /* Util.swift */,
				E80ABF691DCEF24E00DA7172 /* APIClient.swift */,
				E80ABF6D1DCEF49800DA7172 /* Identifiers.swift */,
				E80ABF591DCEF22B00DA7172 /* Main.storyboard */,
				E80ABF5C1DCEF22B00DA7172 /* Assets.xcassets */,
				E80ABF5E1DCEF22B00DA7172 /* LaunchScreen.storyboard */,
				E80ABF611DCEF22B00DA7172 /* Info.plist */,
			);
			path = YelpSamp;
			sourceTree = "<group>";
		};
/* End PBXGroup section */

/* Begin PBXNativeTarget section */
		E80ABF511DCEF22B00DA7172 /* YelpSamp */ = {
			isa = PBXNativeTarget;
			buildConfigurationList = E80ABF641DCEF22B00DA7172 /* Build configuration list for PBXNativeTarget "YelpSamp" */;
			buildPhases = (
				FA9B0DB0CA5DEA1E0C5E5A16 /* [CP] Check Pods Manifest.lock */,
				E80ABF4E1DCEF22B00DA7172 /* Sources */,
				E80ABF4F1DCEF22B00DA7172 /* Frameworks */,
				E80ABF501DCEF22B00DA7172 /* Resources */,
				B65E274E5EBBB64EE2F6C365 /* [CP] Embed Pods Frameworks */,
				414ACB50311F45E02038FA38 /* [CP] Copy Pods Resources */,
			);
			buildRules = (
			);
			dependencies = (
			);
			name = YelpSamp;
			productName = YelpSamp;
			productReference = E80ABF521DCEF22B00DA7172 /* YelpSamp.app */;
			productType = "com.apple.product-type.application";
		};
/* End PBXNativeTarget section */

/* Begin PBXProject section */
		E80ABF4A1DCEF22B00DA7172 /* Project object */ = {
			isa = PBXProject;
			attributes = {
				LastSwiftUpdateCheck = 0810;
				LastUpgradeCheck = 0810;
				ORGANIZATIONNAME = "Miwand Najafe";
				TargetAttributes = {
					E80ABF511DCEF22B00DA7172 = {
						CreatedOnToolsVersion = 8.1;
						DevelopmentTeam = W36NVXCL48;
						ProvisioningStyle = Automatic;
					};
				};
			};
			buildConfigurationList = E80ABF4D1DCEF22B00DA7172 /* Build configuration list for PBXProject "YelpSamp" */;
			compatibilityVersion = "Xcode 3.2";
			developmentRegion = English;
			hasScannedForEncodings = 0;
			knownRegions = (
				en,
				Base,
			);
			mainGroup = E80ABF491DCEF22B00DA7172;
			productRefGroup = E80ABF531DCEF22B00DA7172 /* Products */;
			projectDirPath = "";
			projectRoot = "";
			targets = (
				E80ABF511DCEF22B00DA7172 /* YelpSamp */,
			);
		};
/* End PBXProject section */

/* Begin PBXResourcesBuildPhase section */
		E80ABF501DCEF22B00DA7172 /* Resources */ = {
			isa = PBXResourcesBuildPhase;
			buildActionMask = 2147483647;
			files = (
				E80ABF601DCEF22B00DA7172 /* LaunchScreen.storyboard in Resources */,
				E80ABF5D1DCEF22B00DA7172 /* Assets.xcassets in Resources */,
				E80ABF5B1DCEF22B00DA7172 /* Main.storyboard in Resources */,
			);
			runOnlyForDeploymentPostprocessing = 0;
		};
/* End PBXResourcesBuildPhase section */

/* Begin PBXShellScriptBuildPhase section */
		414ACB50311F45E02038FA38 /* [CP] Copy Pods Resources */ = {
			isa = PBXShellScriptBuildPhase;
			buildActionMask = 2147483647;
			files = (
			);
			inputPaths = (
			);
			name = "[CP] Copy Pods Resources";
			outputPaths = (
			);
			runOnlyForDeploymentPostprocessing = 0;
			shellPath = /bin/sh;
			shellScript = "\"${SRCROOT}/Pods/Target Support Files/Pods-YelpSamp/Pods-YelpSamp-resources.sh\"\n";
			showEnvVarsInLog = 0;
		};
		B65E274E5EBBB64EE2F6C365 /* [CP] Embed Pods Frameworks */ = {
			isa = PBXShellScriptBuildPhase;
			buildActionMask = 2147483647;
			files = (
			);
			inputPaths = (
			);
			name = "[CP] Embed Pods Frameworks";
			outputPaths = (
			);
			runOnlyForDeploymentPostprocessing = 0;
			shellPath = /bin/sh;
			shellScript = "\"${SRCROOT}/Pods/Target Support Files/Pods-YelpSamp/Pods-YelpSamp-frameworks.sh\"\n";
			showEnvVarsInLog = 0;
		};
		FA9B0DB0CA5DEA1E0C5E5A16 /* [CP] Check Pods Manifest.lock */ = {
			isa = PBXShellScriptBuildPhase;
			buildActionMask = 2147483647;
			files = (
			);
			inputPaths = (
			);
			name = "[CP] Check Pods Manifest.lock";
			outputPaths = (
			);
			runOnlyForDeploymentPostprocessing = 0;
			shellPath = /bin/sh;
			shellScript = "diff \"${PODS_ROOT}/../Podfile.lock\" \"${PODS_ROOT}/Manifest.lock\" > /dev/null\nif [ $? != 0 ] ; then\n    # print error to STDERR\n    echo \"error: The sandbox is not in sync with the Podfile.lock. Run 'pod install' or update your CocoaPods installation.\" >&2\n    exit 1\nfi\n";
			showEnvVarsInLog = 0;
		};
/* End PBXShellScriptBuildPhase section */

/* Begin PBXSourcesBuildPhase section */
		E80ABF4E1DCEF22B00DA7172 /* Sources */ = {
			isa = PBXSourcesBuildPhase;
			buildActionMask = 2147483647;
			files = (
				E80ABF561DCEF22B00DA7172 /* AppDelegate.swift in Sources */,
				E80ABF6C1DCEF29100DA7172 /* YelpModel.swift in Sources */,
				E80ABF681DCEF24100DA7172 /* MainVC.swift in Sources */,
				E8B1872A1DD046580048A2BC /* Util.swift in Sources */,
				E8F71F6A1DD02C15002E7CE4 /* DetailView.swift in Sources */,
				E8B1872E1DD081900048A2BC /* ReviewModel.swift in Sources */,
				E8B1872C1DD07EDE0048A2BC /* BusinessModel.swift in Sources */,
				E80ABF6E1DCEF49800DA7172 /* Identifiers.swift in Sources */,
				E80ABF6A1DCEF24E00DA7172 /* APIClient.swift in Sources */,
				E8F71F681DD02B12002E7CE4 /* YelpCell.swift in Sources */,
				E8B187301DD085C00048A2BC /* ReviewCell.swift in Sources */,
			);
			runOnlyForDeploymentPostprocessing = 0;
		};
/* End PBXSourcesBuildPhase section */

/* Begin PBXVariantGroup section */
		E80ABF591DCEF22B00DA7172 /* Main.storyboard */ = {
			isa = PBXVariantGroup;
			children = (
				E80ABF5A1DCEF22B00DA7172 /* Base */,
			);
			name = Main.storyboard;
			sourceTree = "<group>";
		};
		E80ABF5E1DCEF22B00DA7172 /* LaunchScreen.storyboard */ = {
			isa = PBXVariantGroup;
			children = (
				E80ABF5F1DCEF22B00DA7172 /* Base */,
			);
			name = LaunchScreen.storyboard;
			sourceTree = "<group>";
		};
/* End PBXVariantGroup section */

/* Begin XCBuildConfiguration section */
		E80ABF621DCEF22B00DA7172 /* Debug */ = {
			isa = XCBuildConfiguration;
			buildSettings = {
				ALWAYS_SEARCH_USER_PATHS = NO;
				CLANG_ANALYZER_NONNULL = YES;
				CLANG_CXX_LANGUAGE_STANDARD = "gnu++0x";
				CLANG_CXX_LIBRARY = "libc++";
				CLANG_ENABLE_MODULES = YES;
				CLANG_ENABLE_OBJC_ARC = YES;
				CLANG_WARN_BOOL_CONVERSION = YES;
				CLANG_WARN_CONSTANT_CONVERSION = YES;
				CLANG_WARN_DIRECT_OBJC_ISA_USAGE = YES_ERROR;
				CLANG_WARN_DOCUMENTATION_COMMENTS = YES;
				CLANG_WARN_EMPTY_BODY = YES;
				CLANG_WARN_ENUM_CONVERSION = YES;
				CLANG_WARN_INFINITE_RECURSION = YES;
				CLANG_WARN_INT_CONVERSION = YES;
				CLANG_WARN_OBJC_ROOT_CLASS = YES_ERROR;
				CLANG_WARN_SUSPICIOUS_MOVES = YES;
				CLANG_WARN_UNREACHABLE_CODE = YES;
				CLANG_WARN__DUPLICATE_METHOD_MATCH = YES;
				"CODE_SIGN_IDENTITY[sdk=iphoneos*]" = "iPhone Developer";
				COPY_PHASE_STRIP = NO;
				DEBUG_INFORMATION_FORMAT = dwarf;
				ENABLE_STRICT_OBJC_MSGSEND = YES;
				ENABLE_TESTABILITY = YES;
				GCC_C_LANGUAGE_STANDARD = gnu99;
				GCC_DYNAMIC_NO_PIC = NO;
				GCC_NO_COMMON_BLOCKS = YES;
				GCC_OPTIMIZATION_LEVEL = 0;
				GCC_PREPROCESSOR_DEFINITIONS = (
					"DEBUG=1",
					"$(inherited)",
				);
				GCC_WARN_64_TO_32_BIT_CONVERSION = YES;
				GCC_WARN_ABOUT_RETURN_TYPE = YES_ERROR;
				GCC_WARN_UNDECLARED_SELECTOR = YES;
				GCC_WARN_UNINITIALIZED_AUTOS = YES_AGGRESSIVE;
				GCC_WARN_UNUSED_FUNCTION = YES;
				GCC_WARN_UNUSED_VARIABLE = YES;
				IPHONEOS_DEPLOYMENT_TARGET = 10.1;
				MTL_ENABLE_DEBUG_INFO = YES;
				ONLY_ACTIVE_ARCH = YES;
				SDKROOT = iphoneos;
				SWIFT_ACTIVE_COMPILATION_CONDITIONS = DEBUG;
				SWIFT_OPTIMIZATION_LEVEL = "-Onone";
				TARGETED_DEVICE_FAMILY = "1,2";
			};
			name = Debug;
		};
		E80ABF631DCEF22B00DA7172 /* Release */ = {
			isa = XCBuildConfiguration;
			buildSettings = {
				ALWAYS_SEARCH_USER_PATHS = NO;
				CLANG_ANALYZER_NONNULL = YES;
				CLANG_CXX_LANGUAGE_STANDARD = "gnu++0x";
				CLANG_CXX_LIBRARY = "libc++";
				CLANG_ENABLE_MODULES = YES;
				CLANG_ENABLE_OBJC_ARC = YES;
				CLANG_WARN_BOOL_CONVERSION = YES;
				CLANG_WARN_CONSTANT_CONVERSION = YES;
				CLANG_WARN_DIRECT_OBJC_ISA_USAGE = YES_ERROR;
				CLANG_WARN_DOCUMENTATION_COMMENTS = YES;
				CLANG_WARN_EMPTY_BODY = YES;
				CLANG_WARN_ENUM_CONVERSION = YES;
				CLANG_WARN_INFINITE_RECURSION = YES;
				CLANG_WARN_INT_CONVERSION = YES;
				CLANG_WARN_OBJC_ROOT_CLASS = YES_ERROR;
				CLANG_WARN_SUSPICIOUS_MOVES = YES;
				CLANG_WARN_UNREACHABLE_CODE = YES;
				CLANG_WARN__DUPLICATE_METHOD_MATCH = YES;
				"CODE_SIGN_IDENTITY[sdk=iphoneos*]" = "iPhone Developer";
				COPY_PHASE_STRIP = NO;
				DEBUG_INFORMATION_FORMAT = "dwarf-with-dsym";
				ENABLE_NS_ASSERTIONS = NO;
				ENABLE_STRICT_OBJC_MSGSEND = YES;
				GCC_C_LANGUAGE_STANDARD = gnu99;
				GCC_NO_COMMON_BLOCKS = YES;
				GCC_WARN_64_TO_32_BIT_CONVERSION = YES;
				GCC_WARN_ABOUT_RETURN_TYPE = YES_ERROR;
				GCC_WARN_UNDECLARED_SELECTOR = YES;
				GCC_WARN_UNINITIALIZED_AUTOS = YES_AGGRESSIVE;
				GCC_WARN_UNUSED_FUNCTION = YES;
				GCC_WARN_UNUSED_VARIABLE = YES;
				IPHONEOS_DEPLOYMENT_TARGET = 10.1;
				MTL_ENABLE_DEBUG_INFO = NO;
				SDKROOT = iphoneos;
				SWIFT_OPTIMIZATION_LEVEL = "-Owholemodule";
				TARGETED_DEVICE_FAMILY = "1,2";
				VALIDATE_PRODUCT = YES;
			};
			name = Release;
		};
		E80ABF651DCEF22B00DA7172 /* Debug */ = {
			isa = XCBuildConfiguration;
			baseConfigurationReference = 57E4DABA2380CB9ECF0CB2DE /* Pods-YelpSamp.debug.xcconfig */;
			buildSettings = {
				ASSETCATALOG_COMPILER_APPICON_NAME = AppIcon;
				DEVELOPMENT_TEAM = W36NVXCL48;
				INFOPLIST_FILE = YelpSamp/Info.plist;
				LD_RUNPATH_SEARCH_PATHS = "$(inherited) @executable_path/Frameworks";
				PRODUCT_BUNDLE_IDENTIFIER = solutions.abstract.YelpSamp;
				PRODUCT_NAME = "$(TARGET_NAME)";
				SWIFT_VERSION = 3.0;
			};
			name = Debug;
		};
		E80ABF661DCEF22B00DA7172 /* Release */ = {
			isa = XCBuildConfiguration;
			baseConfigurationReference = 5AC8E1C425B7DA90C01FFB1D /* Pods-YelpSamp.release.xcconfig */;
			buildSettings = {
				ASSETCATALOG_COMPILER_APPICON_NAME = AppIcon;
				DEVELOPMENT_TEAM = W36NVXCL48;
				INFOPLIST_FILE = YelpSamp/Info.plist;
				LD_RUNPATH_SEARCH_PATHS = "$(inherited) @executable_path/Frameworks";
				PRODUCT_BUNDLE_IDENTIFIER = solutions.abstract.YelpSamp;
				PRODUCT_NAME = "$(TARGET_NAME)";
				SWIFT_VERSION = 3.0;
			};
			name = Release;
		};
/* End XCBuildConfiguration section */

/* Begin XCConfigurationList section */
		E80ABF4D1DCEF22B00DA7172 /* Build configuration list for PBXProject "YelpSamp" */ = {
			isa = XCConfigurationList;
			buildConfigurations = (
				E80ABF621DCEF22B00DA7172 /* Debug */,
				E80ABF631DCEF22B00DA7172 /* Release */,
			);
			defaultConfigurationIsVisible = 0;
			defaultConfigurationName = Release;
		};
		E80ABF641DCEF22B00DA7172 /* Build configuration list for PBXNativeTarget "YelpSamp" */ = {
			isa = XCConfigurationList;
			buildConfigurations = (
				E80ABF651DCEF22B00DA7172 /* Debug */,
				E80ABF661DCEF22B00DA7172 /* Release */,
			);
			defaultConfigurationIsVisible = 0;
			defaultConfigurationName = Release;
		};
/* End XCConfigurationList section */
	};
	rootObject = E80ABF4A1DCEF22B00DA7172 /* Project object */;
}
